%{
  "ggity": {:hex, :ggity, "0.4.0", "e130eaeae25f6126f436997cd7a212d42425aa7d2f1ffa364fecf43d4b8b6370", [:mix], [{:nimble_csv, "~> 0.7", [hex: :nimble_csv, repo: "hexpm", optional: false]}, {:nimble_strftime, "~> 0.1", [hex: :nimble_strftime, repo: "hexpm", optional: false]}], "hexpm", "a140b9734409e3fdada5442b006c1b71636b1cbea07c9829604b3e14c7a706e2"},
  "kino": {:hex, :kino, "0.6.2", "3e8463ea19551f368c3dcbbf39d36b2627a33916598bfe87f51adc9aaab453fb", [:mix], [{:table, "~> 0.1.2", [hex: :table, repo: "hexpm", optional: false]}], "hexpm", "488cd83fa6efcdb4d5289c25daf842c44b33508fea048eb98f58132afc4ed513"},
  "nimble_csv": {:hex, :nimble_csv, "0.7.0", "52f23ce46eee304d063d1716e19e45ea544bd751536bc53e5d41cb7fc0ca9405", [:mix], [], "hexpm", "e7051e7a95b5c4f26512af5805c320ee9185e752d949f048bf318fedef86cccc"},
  "nimble_strftime": {:hex, :nimble_strftime, "0.1.1", "b988184d1bd945bc139b2c27dd00a6c0774ec94f6b0b580083abd62d5d07818b", [:mix], [], "hexpm", "89e599c9b8b4d1203b7bb5c79eb51ef7c6a28fbc6228230b312f8b796310d755"},
  "table": {:hex, :table, "0.1.2", "87ad1125f5b70c5dea0307aa633194083eb5182ec537efc94e96af08937e14a8", [:mix], [], "hexpm", "7e99bc7efef806315c7e65640724bf165c3061cdc5d854060f74468367065029"},
}
